
Microsoft Visual Studio Solution File, Format Version 12.00
# Visual Studio Version 16
VisualStudioVersion = 16.0.30804.86
MinimumVisualStudioVersion = 10.0.40219.1
Project("{FAE04EC0-301F-11D3-BF4B-00C04F79EFBC}") = "Wallddit", "Wallddit\Wallddit.csproj", "{7333AD45-9CA3-48F8-BE4D-56015564EA1D}"
EndProject
Project("{FAE04EC0-301F-11D3-BF4B-00C04F79EFBC}") = "Wallddit.Core", "Wallddit.Core\Wallddit.Core.csproj", "{88B2EE77-5677-46B8-9EE0-A55EC1CF7649}"
EndProject
Global
	GlobalSection(SolutionConfigurationPlatforms) = preSolution
		Debug|Any CPU = Debug|Any CPU
		Debug|ARM = Debug|ARM
		Debug|ARM64 = Debug|ARM64
		Debug|x64 = Debug|x64
		Debug|x86 = Debug|x86
		Release|Any CPU = Release|Any CPU
		Release|ARM = Release|ARM
		Release|ARM64 = Release|ARM64
		Release|x64 = Release|x64
		Release|x86 = Release|x86
	EndGlobalSection
	GlobalSection(ProjectConfigurationPlatforms) = postSolution
		{7333AD45-9CA3-48F8-BE4D-56015564EA1D}.Debug|Any CPU.ActiveCfg = Debug|x86
		{7333AD45-9CA3-48F8-BE4D-56015564EA1D}.Debug|ARM.ActiveCfg = Debug|ARM
		{7333AD45-9CA3-48F8-BE4D-56015564EA1D}.Debug|ARM.Build.0 = Debug|ARM
		{7333AD45-9CA3-48F8-BE4D-56015564EA1D}.Debug|ARM.Deploy.0 = Debug|ARM
		{7333AD45-9CA3-48F8-BE4D-56015564EA1D}.Debug|ARM64.ActiveCfg = Debug|ARM64
		{7333AD45-9CA3-48F8-BE4D-56015564EA1D}.Debug|ARM64.Build.0 = Debug|ARM64
		{7333AD45-9CA3-48F8-BE4D-56015564EA1D}.Debug|ARM64.Deploy.0 = Debug|ARM64
		{7333AD45-9CA3-48F8-BE4D-56015564EA1D}.Debug|x64.ActiveCfg = Debug|x64
		{7333AD45-9CA3-48F8-BE4D-56015564EA1D}.Debug|x64.Build.0 = Debug|x64
		{7333AD45-9CA3-48F8-BE4D-56015564EA1D}.Debug|x64.Deploy.0 = Debug|x64
		{7333AD45-9CA3-48F8-BE4D-56015564EA1D}.Debug|x86.ActiveCfg = Debug|x86
		{7333AD45-9CA3-48F8-BE4D-56015564EA1D}.Debug|x86.Build.0 = Debug|x86
		{7333AD45-9CA3-48F8-BE4D-56015564EA1D}.Debug|x86.Deploy.0 = Debug|x86
		{7333AD45-9CA3-48F8-BE4D-56015564EA1D}.Release|Any CPU.ActiveCfg = Release|x86
		{7333AD45-9CA3-48F8-BE4D-56015564EA1D}.Release|ARM.ActiveCfg = Release|ARM
		{7333AD45-9CA3-48F8-BE4D-56015564EA1D}.Release|ARM.Build.0 = Release|ARM
		{7333AD45-9CA3-48F8-BE4D-56015564EA1D}.Release|ARM.Deploy.0 = Release|ARM
		{7333AD45-9CA3-48F8-BE4D-56015564EA1D}.Release|ARM64.ActiveCfg = Release|ARM64
		{7333AD45-9CA3-48F8-BE4D-56015564EA1D}.Release|ARM64.Build.0 = Release|ARM64
		{7333AD45-9CA3-48F8-BE4D-56015564EA1D}.Release|ARM64.Deploy.0 = Release|ARM64
		{7333AD45-9CA3-48F8-BE4D-56015564EA1D}.Release|x64.ActiveCfg = Release|x64
		{7333AD45-9CA3-48F8-BE4D-56015564EA1D}.Release|x64.Build.0 = Release|x64
		{7333AD45-9CA3-48F8-BE4D-56015564EA1D}.Release|x64.Deploy.0 = Release|x64
		{7333AD45-9CA3-48F8-BE4D-56015564EA1D}.Release|x86.ActiveCfg = Release|x86
		{7333AD45-9CA3-48F8-BE4D-56015564EA1D}.Release|x86.Build.0 = Release|x86
		{7333AD45-9CA3-48F8-BE4D-56015564EA1D}.Release|x86.Deploy.0 = Release|x86
		{88B2EE77-5677-46B8-9EE0-A55EC1CF7649}.Debug|Any CPU.ActiveCfg = Debug|Any CPU
		{88B2EE77-5677-46B8-9EE0-A55EC1CF7649}.Debug|Any CPU.Build.0 = Debug|Any CPU
		{88B2EE77-5677-46B8-9EE0-A55EC1CF7649}.Debug|ARM.ActiveCfg = Debug|ARM
		{88B2EE77-5677-46B8-9EE0-A55EC1CF7649}.Debug|ARM.Build.0 = Debug|ARM
		{88B2EE77-5677-46B8-9EE0-A55EC1CF7649}.Debug|ARM64.ActiveCfg = Debug|ARM64
		{88B2EE77-5677-46B8-9EE0-A55EC1CF7649}.Debug|ARM64.Build.0 = Debug|ARM64
		{88B2EE77-5677-46B8-9EE0-A55EC1CF7649}.Debug|x64.ActiveCfg = Debug|x64
		{88B2EE77-5677-46B8-9EE0-A55EC1CF7649}.Debug|x64.Build.0 = Debug|x64
		{88B2EE77-5677-46B8-9EE0-A55EC1CF7649}.Debug|x86.ActiveCfg = Debug|x86
		{88B2EE77-5677-46B8-9EE0-A55EC1CF7649}.Debug|x86.Build.0 = Debug|x86
		{88B2EE77-5677-46B8-9EE0-A55EC1CF7649}.Release|Any CPU.ActiveCfg = Release|Any CPU
		{88B2EE77-5677-46B8-9EE0-A55EC1CF7649}.Release|Any CPU.Build.0 = Release|Any CPU
		{88B2EE77-5677-46B8-9EE0-A55EC1CF7649}.Release|ARM.ActiveCfg = Release|ARM
		{88B2EE77-5677-46B8-9EE0-A55EC1CF7649}.Release|ARM.Build.0 = Release|ARM
		{88B2EE77-5677-46B8-9EE0-A55EC1CF7649}.Release|ARM64.ActiveCfg = Release|ARM64
		{88B2EE77-5677-46B8-9EE0-A55EC1CF7649}.Release|ARM64.Build.0 = Release|ARM64
		{88B2EE77-5677-46B8-9EE0-A55EC1CF7649}.Release|x64.ActiveCfg = Release|x64
		{88B2EE77-5677-46B8-9EE0-A55EC1CF7649}.Release|x64.Build.0 = Release|x64
		{88B2EE77-5677-46B8-9EE0-A55EC1CF7649}.Release|x86.ActiveCfg = Release|x86
		{88B2EE77-5677-46B8-9EE0-A55EC1CF7649}.Release|x86.Build.0 = Release|x86
	EndGlobalSection
	GlobalSection(SolutionProperties) = preSolution
		HideSolutionNode = FALSE
	EndGlobalSection
	GlobalSection(ExtensibilityGlobals) = postSolution
		SolutionGuid = {128084ED-D79F-4A28-8F06-CF918214C841}
	EndGlobalSection
EndGlobal
